<?xml version="1.0" encoding="utf-8"?>
<Project ToolsVersion="4.0" xmlns="http://schemas.microsoft.com/developer/msbuild/2003">
  <ItemGroup>
    <Filter Include="APIFrameWork">
      <UniqueIdentifier>{c193f40d-bf9c-4bb4-9033-5eaf4b5aa0a3}</UniqueIdentifier>
    </Filter>
    <Filter Include="APIFrameWork\PCH">
      <UniqueIdentifier>{ab4ce389-1c60-4a46-8b38-6bc8c5d9e2ee}</UniqueIdentifier>
    </Filter>
    <Filter Include="APIFrameWork\WinMain">
      <UniqueIdentifier>{560f8f33-bd93-445a-8bd9-c396b8b06b90}</UniqueIdentifier>
    </Filter>
    <Filter Include="APIFrameWork\DesignPattern">
      <UniqueIdentifier>{e4c1a759-d7e6-474f-9a6c-9e868083c768}</UniqueIdentifier>
    </Filter>
    <Filter Include="APIFrameWork\Utility">
      <UniqueIdentifier>{19101c47-729d-4010-9c89-eca31863d2dc}</UniqueIdentifier>
    </Filter>
    <Filter Include="APIFrameWork\Utility\Math">
      <UniqueIdentifier>{a8228765-82e5-4bfd-9897-3e7f1cb05bce}</UniqueIdentifier>
    </Filter>
    <Filter Include="APIFrameWork\DesignPattern\Singleton">
      <UniqueIdentifier>{01e4921f-bc5d-4ec2-bbb4-c76a01b69d97}</UniqueIdentifier>
    </Filter>
  </ItemGroup>
  <ItemGroup>
    <ClCompile Include="stdafx.cpp">
      <Filter>APIFrameWork\PCH</Filter>
    </ClCompile>
    <ClCompile Include="WinMain.cpp">
      <Filter>APIFrameWork\WinMain</Filter>
    </ClCompile>
    <ClCompile Include="C3DMatrix.cpp">
      <Filter>APIFrameWork\Utility\Math</Filter>
    </ClCompile>
    <ClCompile Include="C3Dvector.cpp">
      <Filter>APIFrameWork\Utility\Math</Filter>
    </ClCompile>
    <ClCompile Include="WinMainStudy.cpp">
      <Filter>APIFrameWork\WinMain</Filter>
    </ClCompile>
  </ItemGroup>
  <ItemGroup>
    <ClInclude Include="stdafx.h">
      <Filter>APIFrameWork\PCH</Filter>
    </ClInclude>
    <ClInclude Include="C3Dvector.h">
      <Filter>APIFrameWork\Utility\Math</Filter>
    </ClInclude>
    <ClInclude Include="C3DMatrix.h">
      <Filter>APIFrameWork\Utility\Math</Filter>
    </ClInclude>
    <ClInclude Include="CommonMacroFunction.h">
      <Filter>APIFrameWork\Utility</Filter>
    </ClInclude>
    <ClInclude Include="SingletonBase.h">
      <Filter>APIFrameWork\DesignPattern\Singleton</Filter>
    </ClInclude>
    <ClInclude Include="RandomFunction.h">
      <Filter>APIFrameWork\Utility</Filter>
    </ClInclude>
  </ItemGroup>
</Project>