<?xml version="1.0" encoding="utf-8"?>
<Project ToolsVersion="4.0" xmlns="http://schemas.microsoft.com/developer/msbuild/2003">
  <ItemGroup>
    <Filter Include="소스 파일">
      <UniqueIdentifier>{4FC737F1-C7A5-4376-A066-2A32D752A2FF}</UniqueIdentifier>
      <Extensions>cpp;c;cc;cxx;c++;cppm;ixx;def;odl;idl;hpj;bat;asm;asmx</Extensions>
    </Filter>
    <Filter Include="리소스 파일">
      <UniqueIdentifier>{67DA6AB6-F800-4c08-8B7A-83BB121AAD01}</UniqueIdentifier>
      <Extensions>rc;ico;cur;bmp;dlg;rc2;rct;bin;rgs;gif;jpg;jpeg;jpe;resx;tiff;tif;png;wav;mfcribbon-ms</Extensions>
    </Filter>
    <Filter Include="소스 파일\SIngleton">
      <UniqueIdentifier>{681b7ca3-acec-4df8-8e78-8d2a3b4a3541}</UniqueIdentifier>
    </Filter>
    <Filter Include="소스 파일\Utillity">
      <UniqueIdentifier>{2c49c58b-303d-4ab7-8eee-7f0f1c582cb4}</UniqueIdentifier>
    </Filter>
    <Filter Include="소스 파일\Utillity\Math">
      <UniqueIdentifier>{6c716f2c-42b4-4cdc-8a3c-ee14744239f0}</UniqueIdentifier>
    </Filter>
    <Filter Include="소스 파일\PCH">
      <UniqueIdentifier>{f5526619-6320-4d1a-b87c-9e0284a0e52a}</UniqueIdentifier>
    </Filter>
  </ItemGroup>
  <ItemGroup>
    <ClCompile Include="8_29.cpp">
      <Filter>소스 파일</Filter>
    </ClCompile>
    <ClCompile Include="Apple.cpp">
      <Filter>소스 파일</Filter>
    </ClCompile>
    <ClCompile Include="Rect2.cpp">
      <Filter>소스 파일</Filter>
    </ClCompile>
    <ClCompile Include="CommonMacroFunction.h">
      <Filter>소스 파일\Utillity\Math</Filter>
    </ClCompile>
    <ClCompile Include="stdafx.cpp">
      <Filter>소스 파일\PCH</Filter>
    </ClCompile>
    <ClCompile Include="Rect3.cpp">
      <Filter>소스 파일</Filter>
    </ClCompile>
  </ItemGroup>
  <ItemGroup>
    <ClInclude Include="RandomFunction.h">
      <Filter>소스 파일\Utillity\Math</Filter>
    </ClInclude>
    <ClInclude Include="SingletonBase.h">
      <Filter>소스 파일\SIngleton</Filter>
    </ClInclude>
    <ClInclude Include="stdafx.h">
      <Filter>소스 파일\PCH</Filter>
    </ClInclude>
  </ItemGroup>
</Project>